// !$*UTF8*$!
{
	archiveVersion = 1;
	classes = {
	};
	objectVersion = 51;
	objects = {

/* Begin PBXBuildFile section */
		1F4457D02625D85400E097FC /* AppDelegate.swift in Sources */ = {isa = PBXBuildFile; fileRef = 1F4457CF2625D85400E097FC /* AppDelegate.swift */; };
		1F4457D22625D85400E097FC /* SceneDelegate.swift in Sources */ = {isa = PBXBuildFile; fileRef = 1F4457D12625D85400E097FC /* SceneDelegate.swift */; };
		1F4457D42625D85400E097FC /* ViewController.swift in Sources */ = {isa = PBXBuildFile; fileRef = 1F4457D32625D85400E097FC /* ViewController.swift */; };
		1F4457D72625D85400E097FC /* Main.storyboard in Resources */ = {isa = PBXBuildFile; fileRef = 1F4457D52625D85400E097FC /* Main.storyboard */; };
		1F4457D92625D85700E097FC /* Assets.xcassets in Resources */ = {isa = PBXBuildFile; fileRef = 1F4457D82625D85700E097FC /* Assets.xcassets */; };
		1F4457DC2625D85700E097FC /* LaunchScreen.storyboard in Resources */ = {isa = PBXBuildFile; fileRef = 1F4457DA2625D85700E097FC /* LaunchScreen.storyboard */; };
		1F4457F82625E20800E097FC /* HomeTurf.plist in Resources */ = {isa = PBXBuildFile; fileRef = 1F4457F72625E20800E097FC /* HomeTurf.plist */; };
		1FC10F8A26263F4C0067B396 /* TeamHomeTurfAuth0Service.swift in Sources */ = {isa = PBXBuildFile; fileRef = 1FC10F8926263F4C0067B396 /* TeamHomeTurfAuth0Service.swift */; };
		80C70F02CB29ED5D3E73DF94 /* Pods_TestSwiftStoryboardTeam.framework in Frameworks */ = {isa = PBXBuildFile; fileRef = 36B114B09FE9C5B743132876 /* Pods_TestSwiftStoryboardTeam.framework */; };
/* End PBXBuildFile section */

/* Begin PBXFileReference section */
		1F4457CC2625D85400E097FC /* TestSwiftStoryboardTeam.app */ = {isa = PBXFileReference; explicitFileType = wrapper.application; includeInIndex = 0; path = TestSwiftStoryboardTeam.app; sourceTree = BUILT_PRODUCTS_DIR; };
		1F4457CF2625D85400E097FC /* AppDelegate.swift */ = {isa = PBXFileReference; lastKnownFileType = sourcecode.swift; path = AppDelegate.swift; sourceTree = "<group>"; };
		1F4457D12625D85400E097FC /* SceneDelegate.swift */ = {isa = PBXFileReference; lastKnownFileType = sourcecode.swift; path = SceneDelegate.swift; sourceTree = "<group>"; };
		1F4457D32625D85400E097FC /* ViewController.swift */ = {isa = PBXFileReference; lastKnownFileType = sourcecode.swift; path = ViewController.swift; sourceTree = "<group>"; };
		1F4457D62625D85400E097FC /* Base */ = {isa = PBXFileReference; lastKnownFileType = file.storyboard; name = Base; path = Base.lproj/Main.storyboard; sourceTree = "<group>"; };
		1F4457D82625D85700E097FC /* Assets.xcassets */ = {isa = PBXFileReference; lastKnownFileType = folder.assetcatalog; path = Assets.xcassets; sourceTree = "<group>"; };
		1F4457DB2625D85700E097FC /* Base */ = {isa = PBXFileReference; lastKnownFileType = file.storyboard; name = Base; path = Base.lproj/LaunchScreen.storyboard; sourceTree = "<group>"; };
		1F4457DD2625D85700E097FC /* Info.plist */ = {isa = PBXFileReference; lastKnownFileType = text.plist.xml; path = Info.plist; sourceTree = "<group>"; };
		1F4457E82625DA8E00E097FC /* HomeTurf.xcframework */ = {isa = PBXFileReference; lastKnownFileType = wrapper.xcframework; name = HomeTurf.xcframework; path = Pods/HomeTurf/HomeTurf.xcframework; sourceTree = "<group>"; };
		1F4457F72625E20800E097FC /* HomeTurf.plist */ = {isa = PBXFileReference; fileEncoding = 4; lastKnownFileType = text.plist.xml; path = HomeTurf.plist; sourceTree = "<group>"; };
		1FC10F8926263F4C0067B396 /* TeamHomeTurfAuth0Service.swift */ = {isa = PBXFileReference; lastKnownFileType = sourcecode.swift; path = TeamHomeTurfAuth0Service.swift; sourceTree = "<group>"; };
		36B114B09FE9C5B743132876 /* Pods_TestSwiftStoryboardTeam.framework */ = {isa = PBXFileReference; explicitFileType = wrapper.framework; includeInIndex = 0; path = Pods_TestSwiftStoryboardTeam.framework; sourceTree = BUILT_PRODUCTS_DIR; };
		7EA49A28DD0F7F11F9BD0E51 /* Pods-TestSwiftStoryboardTeam.release.xcconfig */ = {isa = PBXFileReference; includeInIndex = 1; lastKnownFileType = text.xcconfig; name = "Pods-TestSwiftStoryboardTeam.release.xcconfig"; path = "Target Support Files/Pods-TestSwiftStoryboardTeam/Pods-TestSwiftStoryboardTeam.release.xcconfig"; sourceTree = "<group>"; };
		E3A55E43E669DE6DFF5D1279 /* Pods-TestSwiftStoryboardTeam.debug.xcconfig */ = {isa = PBXFileReference; includeInIndex = 1; lastKnownFileType = text.xcconfig; name = "Pods-TestSwiftStoryboardTeam.debug.xcconfig"; path = "Target Support Files/Pods-TestSwiftStoryboardTeam/Pods-TestSwiftStoryboardTeam.debug.xcconfig"; sourceTree = "<group>"; };
/* End PBXFileReference section */

/* Begin PBXFrameworksBuildPhase section */
		1F4457C92625D85400E097FC /* Frameworks */ = {
			isa = PBXFrameworksBuildPhase;
			buildActionMask = 2147483647;
			files = (
				80C70F02CB29ED5D3E73DF94 /* Pods_TestSwiftStoryboardTeam.framework in Frameworks */,
			);
			runOnlyForDeploymentPostprocessing = 0;
		};
/* End PBXFrameworksBuildPhase section */

/* Begin PBXGroup section */
		1F4457C32625D85400E097FC = {
			isa = PBXGroup;
			children = (
				1F4457CE2625D85400E097FC /* TestSwiftStoryboardTeam */,
				1F4457CD2625D85400E097FC /* Products */,
				55FB57FE2D2949079B70736B /* Pods */,
				F9A7A727065D681DC6588838 /* Frameworks */,
			);
			sourceTree = "<group>";
		};
		1F4457CD2625D85400E097FC /* Products */ = {
			isa = PBXGroup;
			children = (
				1F4457CC2625D85400E097FC /* TestSwiftStoryboardTeam.app */,
			);
			name = Products;
			sourceTree = "<group>";
		};
		1F4457CE2625D85400E097FC /* TestSwiftStoryboardTeam */ = {
			isa = PBXGroup;
			children = (
				1F4457F72625E20800E097FC /* HomeTurf.plist */,
				1F4457CF2625D85400E097FC /* AppDelegate.swift */,
				1F4457D12625D85400E097FC /* SceneDelegate.swift */,
				1F4457D32625D85400E097FC /* ViewController.swift */,
				1F4457D52625D85400E097FC /* Main.storyboard */,
				1F4457D82625D85700E097FC /* Assets.xcassets */,
				1F4457DA2625D85700E097FC /* LaunchScreen.storyboard */,
				1F4457DD2625D85700E097FC /* Info.plist */,
				1FC10F8926263F4C0067B396 /* TeamHomeTurfAuth0Service.swift */,
			);
			path = TestSwiftStoryboardTeam;
			sourceTree = "<group>";
		};
		55FB57FE2D2949079B70736B /* Pods */ = {
			isa = PBXGroup;
			children = (
				E3A55E43E669DE6DFF5D1279 /* Pods-TestSwiftStoryboardTeam.debug.xcconfig */,
				7EA49A28DD0F7F11F9BD0E51 /* Pods-TestSwiftStoryboardTeam.release.xcconfig */,
			);
			path = Pods;
			sourceTree = "<group>";
		};
		F9A7A727065D681DC6588838 /* Frameworks */ = {
			isa = PBXGroup;
			children = (
				1F4457E82625DA8E00E097FC /* HomeTurf.xcframework */,
				36B114B09FE9C5B743132876 /* Pods_TestSwiftStoryboardTeam.framework */,
			);
			name = Frameworks;
			sourceTree = "<group>";
		};
/* End PBXGroup section */

/* Begin PBXNativeTarget section */
		1F4457CB2625D85400E097FC /* TestSwiftStoryboardTeam */ = {
			isa = PBXNativeTarget;
			buildConfigurationList = 1F4457E02625D85700E097FC /* Build configuration list for PBXNativeTarget "TestSwiftStoryboardTeam" */;
			buildPhases = (
				C183704697E8663F21D04D4F /* [CP] Check Pods Manifest.lock */,
				1F4457C82625D85400E097FC /* Sources */,
				1F4457C92625D85400E097FC /* Frameworks */,
				1F4457CA2625D85400E097FC /* Resources */,
				836E50D223A2978D820B75A3 /* [CP] Embed Pods Frameworks */,
			);
			buildRules = (
			);
			dependencies = (
			);
			name = TestSwiftStoryboardTeam;
			productName = TestSwiftStoryboardTeam;
			productReference = 1F4457CC2625D85400E097FC /* TestSwiftStoryboardTeam.app */;
			productType = "com.apple.product-type.application";
		};
/* End PBXNativeTarget section */

/* Begin PBXProject section */
		1F4457C42625D85400E097FC /* Project object */ = {
			isa = PBXProject;
			attributes = {
				LastSwiftUpdateCheck = 1240;
				LastUpgradeCheck = 1240;
				TargetAttributes = {
					1F4457CB2625D85400E097FC = {
						CreatedOnToolsVersion = 12.4;
					};
				};
			};
			buildConfigurationList = 1F4457C72625D85400E097FC /* Build configuration list for PBXProject "TestSwiftStoryboardTeam" */;
			compatibilityVersion = "Xcode 9.3";
			developmentRegion = en;
			hasScannedForEncodings = 0;
			knownRegions = (
				en,
				Base,
			);
			mainGroup = 1F4457C32625D85400E097FC;
			productRefGroup = 1F4457CD2625D85400E097FC /* Products */;
			projectDirPath = "";
			projectRoot = "";
			targets = (
				1F4457CB2625D85400E097FC /* TestSwiftStoryboardTeam */,
			);
		};
/* End PBXProject section */

/* Begin PBXResourcesBuildPhase section */
		1F4457CA2625D85400E097FC /* Resources */ = {
			isa = PBXResourcesBuildPhase;
			buildActionMask = 2147483647;
			files = (
				1F4457DC2625D85700E097FC /* LaunchScreen.storyboard in Resources */,
				1F4457D92625D85700E097FC /* Assets.xcassets in Resources */,
				1F4457F82625E20800E097FC /* HomeTurf.plist in Resources */,
				1F4457D72625D85400E097FC /* Main.storyboard in Resources */,
			);
			runOnlyForDeploymentPostprocessing = 0;
		};
/* End PBXResourcesBuildPhase section */

/* Begin PBXShellScriptBuildPhase section */
		836E50D223A2978D820B75A3 /* [CP] Embed Pods Frameworks */ = {
			isa = PBXShellScriptBuildPhase;
			buildActionMask = 2147483647;
			files = (
			);
			inputFileListPaths = (
				"${PODS_ROOT}/Target Support Files/Pods-TestSwiftStoryboardTeam/Pods-TestSwiftStoryboardTeam-frameworks-${CONFIGURATION}-input-files.xcfilelist",
			);
			name = "[CP] Embed Pods Frameworks";
			outputFileListPaths = (
				"${PODS_ROOT}/Target Support Files/Pods-TestSwiftStoryboardTeam/Pods-TestSwiftStoryboardTeam-frameworks-${CONFIGURATION}-output-files.xcfilelist",
			);
			runOnlyForDeploymentPostprocessing = 0;
			shellPath = /bin/sh;
			shellScript = "\"${PODS_ROOT}/Target Support Files/Pods-TestSwiftStoryboardTeam/Pods-TestSwiftStoryboardTeam-frameworks.sh\"\n";
			showEnvVarsInLog = 0;
		};
		C183704697E8663F21D04D4F /* [CP] Check Pods Manifest.lock */ = {
			isa = PBXShellScriptBuildPhase;
			buildActionMask = 2147483647;
			files = (
			);
			inputFileListPaths = (
			);
			inputPaths = (
				"${PODS_PODFILE_DIR_PATH}/Podfile.lock",
				"${PODS_ROOT}/Manifest.lock",
			);
			name = "[CP] Check Pods Manifest.lock";
			outputFileListPaths = (
			);
			outputPaths = (
				"$(DERIVED_FILE_DIR)/Pods-TestSwiftStoryboardTeam-checkManifestLockResult.txt",
			);
			runOnlyForDeploymentPostprocessing = 0;
			shellPath = /bin/sh;
			shellScript = "diff \"${PODS_PODFILE_DIR_PATH}/Podfile.lock\" \"${PODS_ROOT}/Manifest.lock\" > /dev/null\nif [ $? != 0 ] ; then\n    # print error to STDERR\n    echo \"error: The sandbox is not in sync with the Podfile.lock. Run 'pod install' or update your CocoaPods installation.\" >&2\n    exit 1\nfi\n# This output is used by Xcode 'outputs' to avoid re-running this script phase.\necho \"SUCCESS\" > \"${SCRIPT_OUTPUT_FILE_0}\"\n";
			showEnvVarsInLog = 0;
		};
/* End PBXShellScriptBuildPhase section */

/* Begin PBXSourcesBuildPhase section */
		1F4457C82625D85400E097FC /* Sources */ = {
			isa = PBXSourcesBuildPhase;
			buildActionMask = 2147483647;
			files = (
				1F4457D42625D85400E097FC /* ViewController.swift in Sources */,
				1FC10F8A26263F4C0067B396 /* TeamHomeTurfAuth0Service.swift in Sources */,
				1F4457D02625D85400E097FC /* AppDelegate.swift in Sources */,
				1F4457D22625D85400E097FC /* SceneDelegate.swift in Sources */,
			);
			runOnlyForDeploymentPostprocessing = 0;
		};
/* End PBXSourcesBuildPhase section */

/* Begin PBXVariantGroup section */
		1F4457D52625D85400E097FC /* Main.storyboard */ = {
			isa = PBXVariantGroup;
			children = (
				1F4457D62625D85400E097FC /* Base */,
			);
			name = Main.storyboard;
			sourceTree = "<group>";
		};
		1F4457DA2625D85700E097FC /* LaunchScreen.storyboard */ = {
			isa = PBXVariantGroup;
			children = (
				1F4457DB2625D85700E097FC /* Base */,
			);
			name = LaunchScreen.storyboard;
			sourceTree = "<group>";
		};
/* End PBXVariantGroup section */

/* Begin XCBuildConfiguration section */
		1F4457DE2625D85700E097FC /* Debug */ = {
			isa = XCBuildConfiguration;
			buildSettings = {
				ALWAYS_SEARCH_USER_PATHS = NO;
				CLANG_ANALYZER_NONNULL = YES;
				CLANG_ANALYZER_NUMBER_OBJECT_CONVERSION = YES_AGGRESSIVE;
				CLANG_CXX_LANGUAGE_STANDARD = "gnu++14";
				CLANG_CXX_LIBRARY = "libc++";
				CLANG_ENABLE_MODULES = YES;
				CLANG_ENABLE_OBJC_ARC = YES;
				CLANG_ENABLE_OBJC_WEAK = YES;
				CLANG_WARN_BLOCK_CAPTURE_AUTORELEASING = YES;
				CLANG_WARN_BOOL_CONVERSION = YES;
				CLANG_WARN_COMMA = YES;
				CLANG_WARN_CONSTANT_CONVERSION = YES;
				CLANG_WARN_DEPRECATED_OBJC_IMPLEMENTATIONS = YES;
				CLANG_WARN_DIRECT_OBJC_ISA_USAGE = YES_ERROR;
				CLANG_WARN_DOCUMENTATION_COMMENTS = YES;
				CLANG_WARN_EMPTY_BODY = YES;
				CLANG_WARN_ENUM_CONVERSION = YES;
				CLANG_WARN_INFINITE_RECURSION = YES;
				CLANG_WARN_INT_CONVERSION = YES;
				CLANG_WARN_NON_LITERAL_NULL_CONVERSION = YES;
				CLANG_WARN_OBJC_IMPLICIT_RETAIN_SELF = YES;
				CLANG_WARN_OBJC_LITERAL_CONVERSION = YES;
				CLANG_WARN_OBJC_ROOT_CLASS = YES_ERROR;
				CLANG_WARN_QUOTED_INCLUDE_IN_FRAMEWORK_HEADER = YES;
				CLANG_WARN_RANGE_LOOP_ANALYSIS = YES;
				CLANG_WARN_STRICT_PROTOTYPES = YES;
				CLANG_WARN_SUSPICIOUS_MOVE = YES;
				CLANG_WARN_UNGUARDED_AVAILABILITY = YES_AGGRESSIVE;
				CLANG_WARN_UNREACHABLE_CODE = YES;
				CLANG_WARN__DUPLICATE_METHOD_MATCH = YES;
				COPY_PHASE_STRIP = NO;
				DEBUG_INFORMATION_FORMAT = dwarf;
				ENABLE_STRICT_OBJC_MSGSEND = YES;
				ENABLE_TESTABILITY = YES;
				GCC_C_LANGUAGE_STANDARD = gnu11;
				GCC_DYNAMIC_NO_PIC = NO;
				GCC_NO_COMMON_BLOCKS = YES;
				GCC_OPTIMIZATION_LEVEL = 0;
				GCC_PREPROCESSOR_DEFINITIONS = (
					"DEBUG=1",
					"$(inherited)",
				);
				GCC_WARN_64_TO_32_BIT_CONVERSION = YES;
				GCC_WARN_ABOUT_RETURN_TYPE = YES_ERROR;
				GCC_WARN_UNDECLARED_SELECTOR = YES;
				GCC_WARN_UNINITIALIZED_AUTOS = YES_AGGRESSIVE;
				GCC_WARN_UNUSED_FUNCTION = YES;
				GCC_WARN_UNUSED_VARIABLE = YES;
				IPHONEOS_DEPLOYMENT_TARGET = 14.4;
				MTL_ENABLE_DEBUG_INFO = INCLUDE_SOURCE;
				MTL_FAST_MATH = YES;
				ONLY_ACTIVE_ARCH = YES;
				SDKROOT = iphoneos;
				SWIFT_ACTIVE_COMPILATION_CONDITIONS = DEBUG;
				SWIFT_OPTIMIZATION_LEVEL = "-Onone";
			};
			name = Debug;
		};
		1F4457DF2625D85700E097FC /* Release */ = {
			isa = XCBuildConfiguration;
			buildSettings = {
				ALWAYS_SEARCH_USER_PATHS = NO;
				CLANG_ANALYZER_NONNULL = YES;
				CLANG_ANALYZER_NUMBER_OBJECT_CONVERSION = YES_AGGRESSIVE;
				CLANG_CXX_LANGUAGE_STANDARD = "gnu++14";
				CLANG_CXX_LIBRARY = "libc++";
				CLANG_ENABLE_MODULES = YES;
				CLANG_ENABLE_OBJC_ARC = YES;
				CLANG_ENABLE_OBJC_WEAK = YES;
				CLANG_WARN_BLOCK_CAPTURE_AUTORELEASING = YES;
				CLANG_WARN_BOOL_CONVERSION = YES;
				CLANG_WARN_COMMA = YES;
				CLANG_WARN_CONSTANT_CONVERSION = YES;
				CLANG_WARN_DEPRECATED_OBJC_IMPLEMENTATIONS = YES;
				CLANG_WARN_DIRECT_OBJC_ISA_USAGE = YES_ERROR;
				CLANG_WARN_DOCUMENTATION_COMMENTS = YES;
				CLANG_WARN_EMPTY_BODY = YES;
				CLANG_WARN_ENUM_CONVERSION = YES;
				CLANG_WARN_INFINITE_RECURSION = YES;
				CLANG_WARN_INT_CONVERSION = YES;
				CLANG_WARN_NON_LITERAL_NULL_CONVERSION = YES;
				CLANG_WARN_OBJC_IMPLICIT_RETAIN_SELF = YES;
				CLANG_WARN_OBJC_LITERAL_CONVERSION = YES;
				CLANG_WARN_OBJC_ROOT_CLASS = YES_ERROR;
				CLANG_WARN_QUOTED_INCLUDE_IN_FRAMEWORK_HEADER = YES;
				CLANG_WARN_RANGE_LOOP_ANALYSIS = YES;
				CLANG_WARN_STRICT_PROTOTYPES = YES;
				CLANG_WARN_SUSPICIOUS_MOVE = YES;
				CLANG_WARN_UNGUARDED_AVAILABILITY = YES_AGGRESSIVE;
				CLANG_WARN_UNREACHABLE_CODE = YES;
				CLANG_WARN__DUPLICATE_METHOD_MATCH = YES;
				COPY_PHASE_STRIP = NO;
				DEBUG_INFORMATION_FORMAT = "dwarf-with-dsym";
				ENABLE_NS_ASSERTIONS = NO;
				ENABLE_STRICT_OBJC_MSGSEND = YES;
				GCC_C_LANGUAGE_STANDARD = gnu11;
				GCC_NO_COMMON_BLOCKS = YES;
				GCC_WARN_64_TO_32_BIT_CONVERSION = YES;
				GCC_WARN_ABOUT_RETURN_TYPE = YES_ERROR;
				GCC_WARN_UNDECLARED_SELECTOR = YES;
				GCC_WARN_UNINITIALIZED_AUTOS = YES_AGGRESSIVE;
				GCC_WARN_UNUSED_FUNCTION = YES;
				GCC_WARN_UNUSED_VARIABLE = YES;
				IPHONEOS_DEPLOYMENT_TARGET = 14.4;
				MTL_ENABLE_DEBUG_INFO = NO;
				MTL_FAST_MATH = YES;
				SDKROOT = iphoneos;
				SWIFT_COMPILATION_MODE = wholemodule;
				SWIFT_OPTIMIZATION_LEVEL = "-O";
				VALIDATE_PRODUCT = YES;
			};
			name = Release;
		};
		1F4457E12625D85700E097FC /* Debug */ = {
			isa = XCBuildConfiguration;
			baseConfigurationReference = E3A55E43E669DE6DFF5D1279 /* Pods-TestSwiftStoryboardTeam.debug.xcconfig */;
			buildSettings = {
				ASSETCATALOG_COMPILER_APPICON_NAME = AppIcon;
				ASSETCATALOG_COMPILER_GLOBAL_ACCENT_COLOR_NAME = AccentColor;
				CODE_SIGN_STYLE = Automatic;
				DEVELOPMENT_TEAM = 4T7L7QL7A7;
				HEADER_SEARCH_PATHS = (
					"$(SOURCE_ROOT)/Pods/**/**",
					"$(inherited)",
				);
				INFOPLIST_FILE = TestSwiftStoryboardTeam/Info.plist;
				LD_RUNPATH_SEARCH_PATHS = (
					"$(inherited)",
					"@executable_path/Frameworks",
				);
				PRODUCT_BUNDLE_IDENTIFIER = com.hometurf.TestSwiftStoryboardTeam;
				PRODUCT_NAME = "$(TARGET_NAME)";
				SWIFT_VERSION = 5.0;
				TARGETED_DEVICE_FAMILY = "1,2";
			};
			name = Debug;
		};
		1F4457E22625D85700E097FC /* Release */ = {
			isa = XCBuildConfiguration;
			baseConfigurationReference = 7EA49A28DD0F7F11F9BD0E51 /* Pods-TestSwiftStoryboardTeam.release.xcconfig */;
			buildSettings = {
				ASSETCATALOG_COMPILER_APPICON_NAME = AppIcon;
				ASSETCATALOG_COMPILER_GLOBAL_ACCENT_COLOR_NAME = AccentColor;
				CODE_SIGN_STYLE = Automatic;
				DEVELOPMENT_TEAM = 4T7L7QL7A7;
				HEADER_SEARCH_PATHS = (
					"$(SOURCE_ROOT)/Pods/**/**",
					"$(inherited)",
				);
				INFOPLIST_FILE = TestSwiftStoryboardTeam/Info.plist;
				LD_RUNPATH_SEARCH_PATHS = (
					"$(inherited)",
					"@executable_path/Frameworks",
				);
				PRODUCT_BUNDLE_IDENTIFIER = com.hometurf.TestSwiftStoryboardTeam;
				PRODUCT_NAME = "$(TARGET_NAME)";
				SWIFT_VERSION = 5.0;
				TARGETED_DEVICE_FAMILY = "1,2";
			};
			name = Release;
		};
/* End XCBuildConfiguration section */

/* Begin XCConfigurationList section */
		1F4457C72625D85400E097FC /* Build configuration list for PBXProject "TestSwiftStoryboardTeam" */ = {
			isa = XCConfigurationList;
			buildConfigurations = (
				1F4457DE2625D85700E097FC /* Debug */,
				1F4457DF2625D85700E097FC /* Release */,
			);
			defaultConfigurationIsVisible = 0;
			defaultConfigurationName = Release;
		};
		1F4457E02625D85700E097FC /* Build configuration list for PBXNativeTarget "TestSwiftStoryboardTeam" */ = {
			isa = XCConfigurationList;
			buildConfigurations = (
				1F4457E12625D85700E097FC /* Debug */,
				1F4457E22625D85700E097FC /* Release */,
			);
			defaultConfigurationIsVisible = 0;
			defaultConfigurationName = Release;
		};
/* End XCConfigurationList section */
	};
	rootObject = 1F4457C42625D85400E097FC /* Project object */;
}
